// !$*UTF8*$!
{
	archiveVersion = 1;
	classes = {
	};
	objectVersion = 55;
	objects = {

/* Begin PBXBuildFile section */
		72276FC927B965E800AD4062 /* FloatingPlayerView.swift in Sources */ = {isa = PBXBuildFile; fileRef = 72276FC827B965E800AD4062 /* FloatingPlayerView.swift */; };
		72276FCA27B965E800AD4062 /* FloatingPlayerView.swift in Sources */ = {isa = PBXBuildFile; fileRef = 72276FC827B965E800AD4062 /* FloatingPlayerView.swift */; };
		7247B64227D2513800D4D3D7 /* LiveView.swift in Sources */ = {isa = PBXBuildFile; fileRef = 7247B64127D2513800D4D3D7 /* LiveView.swift */; };
		7247B64327D2513800D4D3D7 /* LiveView.swift in Sources */ = {isa = PBXBuildFile; fileRef = 7247B64127D2513800D4D3D7 /* LiveView.swift */; };
		7247B64527D254E800D4D3D7 /* View+Helpers.swift in Sources */ = {isa = PBXBuildFile; fileRef = 7247B64427D254E800D4D3D7 /* View+Helpers.swift */; };
		7247B64627D254E800D4D3D7 /* View+Helpers.swift in Sources */ = {isa = PBXBuildFile; fileRef = 7247B64427D254E800D4D3D7 /* View+Helpers.swift */; };
		7252EE6527B1682500B8FB83 /* AppCore in Frameworks */ = {isa = PBXBuildFile; productRef = 7252EE6427B1682500B8FB83 /* AppCore */; };
		7252EE6727B1682F00B8FB83 /* AppCore in Frameworks */ = {isa = PBXBuildFile; productRef = 7252EE6627B1682F00B8FB83 /* AppCore */; };
		725443A827B2A4E900939567 /* AppDelegate_macOS in Frameworks */ = {isa = PBXBuildFile; productRef = 725443A727B2A4E900939567 /* AppDelegate_macOS */; };
		725443AA27B2A4EF00939567 /* AppDelegate_iOS in Frameworks */ = {isa = PBXBuildFile; productRef = 725443A927B2A4EF00939567 /* AppDelegate_iOS */; };
		7259A9B127BE7B7600B66981 /* FloatingPlayerOverlayView.swift in Sources */ = {isa = PBXBuildFile; fileRef = 7259A9B027BE7B7600B66981 /* FloatingPlayerOverlayView.swift */; };
		7259A9B227BE7B7600B66981 /* FloatingPlayerOverlayView.swift in Sources */ = {isa = PBXBuildFile; fileRef = 7259A9B027BE7B7600B66981 /* FloatingPlayerOverlayView.swift */; };
		7259A9B427C2CD5E00B66981 /* NowPlayingDetailView.swift in Sources */ = {isa = PBXBuildFile; fileRef = 7259A9B327C2CD5E00B66981 /* NowPlayingDetailView.swift */; };
		7259A9B527C2CD5E00B66981 /* NowPlayingDetailView.swift in Sources */ = {isa = PBXBuildFile; fileRef = 7259A9B327C2CD5E00B66981 /* NowPlayingDetailView.swift */; };
		7259A9B727C2E19600B66981 /* NSView+SplitViewFinder.swift in Sources */ = {isa = PBXBuildFile; fileRef = 7259A9B627C2E19600B66981 /* NSView+SplitViewFinder.swift */; };
		727AD85127A6D75100F224CF /* MarconioCommands.swift in Sources */ = {isa = PBXBuildFile; fileRef = 727AD85027A6D75100F224CF /* MarconioCommands.swift */; };
		727AD85227A6D75100F224CF /* MarconioCommands.swift in Sources */ = {isa = PBXBuildFile; fileRef = 727AD85027A6D75100F224CF /* MarconioCommands.swift */; };
		727AD85627A6D86700F224CF /* MarconioMacAppDelegate.swift in Sources */ = {isa = PBXBuildFile; fileRef = 727AD85327A6D85F00F224CF /* MarconioMacAppDelegate.swift */; };
		727AD85727A6D9EC00F224CF /* NowPlayingView.swift in Sources */ = {isa = PBXBuildFile; fileRef = 72A6B3E727A5FEDE002AF923 /* NowPlayingView.swift */; };
		727CC0F827A76F0B00CABE53 /* MarconioVersionInformation.swift in Sources */ = {isa = PBXBuildFile; fileRef = 727CC0F727A76F0B00CABE53 /* MarconioVersionInformation.swift */; };
		727CC0F927A76F0B00CABE53 /* MarconioVersionInformation.swift in Sources */ = {isa = PBXBuildFile; fileRef = 727CC0F727A76F0B00CABE53 /* MarconioVersionInformation.swift */; };
		72974A6427AF102A00B33ED8 /* MarconioiOSAppDelegate.swift in Sources */ = {isa = PBXBuildFile; fileRef = 72974A6327AF102A00B33ED8 /* MarconioiOSAppDelegate.swift */; };
		72A6B3E127A5F42A002AF923 /* DonationView.swift in Sources */ = {isa = PBXBuildFile; fileRef = 72A6B3E027A5F42A002AF923 /* DonationView.swift */; };
		72A6B3E227A5F42D002AF923 /* DonationView.swift in Sources */ = {isa = PBXBuildFile; fileRef = 72A6B3E027A5F42A002AF923 /* DonationView.swift */; };
		72A6B3E427A5FCD2002AF923 /* URL+Opener.swift in Sources */ = {isa = PBXBuildFile; fileRef = 72A6B3E327A5FCD2002AF923 /* URL+Opener.swift */; };
		72A6B3E527A5FD90002AF923 /* URL+Opener.swift in Sources */ = {isa = PBXBuildFile; fileRef = 72A6B3E327A5FCD2002AF923 /* URL+Opener.swift */; };
		72A6B3E827A5FEDE002AF923 /* NowPlayingView.swift in Sources */ = {isa = PBXBuildFile; fileRef = 72A6B3E727A5FEDE002AF923 /* NowPlayingView.swift */; };
		72B2A3E327ACDEB300B539CE /* Marquee.swift in Sources */ = {isa = PBXBuildFile; fileRef = 72B2A3E227ACDEB300B539CE /* Marquee.swift */; };
		72B2A3E427ACDEB300B539CE /* Marquee.swift in Sources */ = {isa = PBXBuildFile; fileRef = 72B2A3E227ACDEB300B539CE /* Marquee.swift */; };
		72C4D06A27AE1E7F00E85491 /* SettingsView.swift in Sources */ = {isa = PBXBuildFile; fileRef = 72C4D06927AE1E7F00E85491 /* SettingsView.swift */; };
		72C4D06D27AE1E9C00E85491 /* SettingsGridView.swift in Sources */ = {isa = PBXBuildFile; fileRef = 72C4D06C27AE1E9C00E85491 /* SettingsGridView.swift */; };
		72C4D07027AEC54A00E85491 /* GeneralSettingsView.swift in Sources */ = {isa = PBXBuildFile; fileRef = 72C4D06F27AEC54A00E85491 /* GeneralSettingsView.swift */; };
		72C4D07327AEC7C800E85491 /* AboutSettingsView.swift in Sources */ = {isa = PBXBuildFile; fileRef = 72C4D07227AEC7C800E85491 /* AboutSettingsView.swift */; };
		72D5928027A5918A00D3CE52 /* ComposableArchitecture in Frameworks */ = {isa = PBXBuildFile; productRef = 72D5927F27A5918A00D3CE52 /* ComposableArchitecture */; };
		72D5928227A591A100D3CE52 /* ComposableArchitecture in Frameworks */ = {isa = PBXBuildFile; productRef = 72D5928127A591A100D3CE52 /* ComposableArchitecture */; };
		72D5928C27A5A21E00D3CE52 /* AppView.swift in Sources */ = {isa = PBXBuildFile; fileRef = 72D5928B27A5A21E00D3CE52 /* AppView.swift */; };
		72D5928D27A5A21E00D3CE52 /* AppView.swift in Sources */ = {isa = PBXBuildFile; fileRef = 72D5928B27A5A21E00D3CE52 /* AppView.swift */; };
		72E1793C27A2E48D009A20ED /* MarconioApp.swift in Sources */ = {isa = PBXBuildFile; fileRef = 72E1792C27A2E48C009A20ED /* MarconioApp.swift */; };
		72E1793D27A2E48D009A20ED /* MarconioApp.swift in Sources */ = {isa = PBXBuildFile; fileRef = 72E1792C27A2E48C009A20ED /* MarconioApp.swift */; };
		72E1794027A2E48D009A20ED /* Assets.xcassets in Resources */ = {isa = PBXBuildFile; fileRef = 72E1792E27A2E48D009A20ED /* Assets.xcassets */; };
		72E1794127A2E48D009A20ED /* Assets.xcassets in Resources */ = {isa = PBXBuildFile; fileRef = 72E1792E27A2E48D009A20ED /* Assets.xcassets */; };
		72F521C527B381CD001E8239 /* ShareSheet.swift in Sources */ = {isa = PBXBuildFile; fileRef = 72F521C427B381CD001E8239 /* ShareSheet.swift */; };
/* End PBXBuildFile section */

/* Begin PBXFileReference section */
		721A6E2127AF3613006FF195 /* iOS.entitlements */ = {isa = PBXFileReference; lastKnownFileType = text.plist.entitlements; path = iOS.entitlements; sourceTree = "<group>"; };
		7221DB0527A489F400183057 /* Marconio--iOS--Info.plist */ = {isa = PBXFileReference; lastKnownFileType = text.plist.xml; path = "Marconio--iOS--Info.plist"; sourceTree = "<group>"; };
		72276FC827B965E800AD4062 /* FloatingPlayerView.swift */ = {isa = PBXFileReference; lastKnownFileType = sourcecode.swift; path = FloatingPlayerView.swift; sourceTree = "<group>"; };
		7247B64127D2513800D4D3D7 /* LiveView.swift */ = {isa = PBXFileReference; lastKnownFileType = sourcecode.swift; path = LiveView.swift; sourceTree = "<group>"; };
		7247B64427D254E800D4D3D7 /* View+Helpers.swift */ = {isa = PBXFileReference; lastKnownFileType = sourcecode.swift; path = "View+Helpers.swift"; sourceTree = "<group>"; };
		7259A9B027BE7B7600B66981 /* FloatingPlayerOverlayView.swift */ = {isa = PBXFileReference; lastKnownFileType = sourcecode.swift; path = FloatingPlayerOverlayView.swift; sourceTree = "<group>"; };
		7259A9B327C2CD5E00B66981 /* NowPlayingDetailView.swift */ = {isa = PBXFileReference; lastKnownFileType = sourcecode.swift; path = NowPlayingDetailView.swift; sourceTree = "<group>"; };
		7259A9B627C2E19600B66981 /* NSView+SplitViewFinder.swift */ = {isa = PBXFileReference; lastKnownFileType = sourcecode.swift; path = "NSView+SplitViewFinder.swift"; sourceTree = "<group>"; };
		727AD85027A6D75100F224CF /* MarconioCommands.swift */ = {isa = PBXFileReference; lastKnownFileType = sourcecode.swift; path = MarconioCommands.swift; sourceTree = "<group>"; };
		727AD85327A6D85F00F224CF /* MarconioMacAppDelegate.swift */ = {isa = PBXFileReference; lastKnownFileType = sourcecode.swift; path = MarconioMacAppDelegate.swift; sourceTree = "<group>"; };
		727CC0F727A76F0B00CABE53 /* MarconioVersionInformation.swift */ = {isa = PBXFileReference; fileEncoding = 4; lastKnownFileType = sourcecode.swift; path = MarconioVersionInformation.swift; sourceTree = "<group>"; };
		72974A5E27AF064B00B33ED8 /* AppCore */ = {isa = PBXFileReference; lastKnownFileType = wrapper; path = AppCore; sourceTree = "<group>"; };
		72974A6327AF102A00B33ED8 /* MarconioiOSAppDelegate.swift */ = {isa = PBXFileReference; lastKnownFileType = sourcecode.swift; path = MarconioiOSAppDelegate.swift; sourceTree = "<group>"; };
		72A6B3E027A5F42A002AF923 /* DonationView.swift */ = {isa = PBXFileReference; lastKnownFileType = sourcecode.swift; path = DonationView.swift; sourceTree = "<group>"; };
		72A6B3E327A5FCD2002AF923 /* URL+Opener.swift */ = {isa = PBXFileReference; lastKnownFileType = sourcecode.swift; path = "URL+Opener.swift"; sourceTree = "<group>"; };
		72A6B3E727A5FEDE002AF923 /* NowPlayingView.swift */ = {isa = PBXFileReference; lastKnownFileType = sourcecode.swift; path = NowPlayingView.swift; sourceTree = "<group>"; };
		72B2A3E227ACDEB300B539CE /* Marquee.swift */ = {isa = PBXFileReference; lastKnownFileType = sourcecode.swift; path = Marquee.swift; sourceTree = "<group>"; };
		72C4D06927AE1E7F00E85491 /* SettingsView.swift */ = {isa = PBXFileReference; lastKnownFileType = sourcecode.swift; path = SettingsView.swift; sourceTree = "<group>"; };
		72C4D06C27AE1E9C00E85491 /* SettingsGridView.swift */ = {isa = PBXFileReference; lastKnownFileType = sourcecode.swift; path = SettingsGridView.swift; sourceTree = "<group>"; };
		72C4D06F27AEC54A00E85491 /* GeneralSettingsView.swift */ = {isa = PBXFileReference; lastKnownFileType = sourcecode.swift; path = GeneralSettingsView.swift; sourceTree = "<group>"; };
		72C4D07227AEC7C800E85491 /* AboutSettingsView.swift */ = {isa = PBXFileReference; lastKnownFileType = sourcecode.swift; path = AboutSettingsView.swift; sourceTree = "<group>"; };
		72D5928B27A5A21E00D3CE52 /* AppView.swift */ = {isa = PBXFileReference; lastKnownFileType = sourcecode.swift; path = AppView.swift; sourceTree = "<group>"; };
		72E1792C27A2E48C009A20ED /* MarconioApp.swift */ = {isa = PBXFileReference; lastKnownFileType = sourcecode.swift; path = MarconioApp.swift; sourceTree = "<group>"; };
		72E1792E27A2E48D009A20ED /* Assets.xcassets */ = {isa = PBXFileReference; lastKnownFileType = folder.assetcatalog; path = Assets.xcassets; sourceTree = "<group>"; };
		72E1793327A2E48D009A20ED /* Marconio.app */ = {isa = PBXFileReference; explicitFileType = wrapper.application; includeInIndex = 0; path = Marconio.app; sourceTree = BUILT_PRODUCTS_DIR; };
		72E1793927A2E48D009A20ED /* Marconio.app */ = {isa = PBXFileReference; explicitFileType = wrapper.application; includeInIndex = 0; path = Marconio.app; sourceTree = BUILT_PRODUCTS_DIR; };
		72E1793B27A2E48D009A20ED /* macOS.entitlements */ = {isa = PBXFileReference; lastKnownFileType = text.plist.entitlements; path = macOS.entitlements; sourceTree = "<group>"; };
		72EB166027ADBCA100B7952B /* Marconio--macOS--Info.plist */ = {isa = PBXFileReference; lastKnownFileType = text.plist.xml; path = "Marconio--macOS--Info.plist"; sourceTree = "<group>"; };
		72F521C427B381CD001E8239 /* ShareSheet.swift */ = {isa = PBXFileReference; lastKnownFileType = sourcecode.swift; path = ShareSheet.swift; sourceTree = "<group>"; };
/* End PBXFileReference section */

/* Begin PBXFrameworksBuildPhase section */
		72E1793027A2E48D009A20ED /* Frameworks */ = {
			isa = PBXFrameworksBuildPhase;
			buildActionMask = 2147483647;
			files = (
				72D5928227A591A100D3CE52 /* ComposableArchitecture in Frameworks */,
				7252EE6527B1682500B8FB83 /* AppCore in Frameworks */,
				725443AA27B2A4EF00939567 /* AppDelegate_iOS in Frameworks */,
			);
			runOnlyForDeploymentPostprocessing = 0;
		};
		72E1793627A2E48D009A20ED /* Frameworks */ = {
			isa = PBXFrameworksBuildPhase;
			buildActionMask = 2147483647;
			files = (
				725443A827B2A4E900939567 /* AppDelegate_macOS in Frameworks */,
				72D5928027A5918A00D3CE52 /* ComposableArchitecture in Frameworks */,
				7252EE6727B1682F00B8FB83 /* AppCore in Frameworks */,
			);
			runOnlyForDeploymentPostprocessing = 0;
		};
/* End PBXFrameworksBuildPhase section */

/* Begin PBXGroup section */
		7221DB0627A48A0100183057 /* iOS */ = {
			isa = PBXGroup;
			children = (
				72F521C327B381BC001E8239 /* Sharing */,
				721A6E2127AF3613006FF195 /* iOS.entitlements */,
				7221DB0527A489F400183057 /* Marconio--iOS--Info.plist */,
				72974A6327AF102A00B33ED8 /* MarconioiOSAppDelegate.swift */,
			);
			path = iOS;
			sourceTree = "<group>";
		};
		72A6B3DF27A5F420002AF923 /* Donation */ = {
			isa = PBXGroup;
			children = (
				72A6B3E027A5F42A002AF923 /* DonationView.swift */,
			);
			path = Donation;
			sourceTree = "<group>";
		};
		72A6B3E627A5FECE002AF923 /* Now Playing */ = {
			isa = PBXGroup;
			children = (
				72A6B3E727A5FEDE002AF923 /* NowPlayingView.swift */,
				72276FC827B965E800AD4062 /* FloatingPlayerView.swift */,
				7259A9B027BE7B7600B66981 /* FloatingPlayerOverlayView.swift */,
				7259A9B327C2CD5E00B66981 /* NowPlayingDetailView.swift */,
				7247B64127D2513800D4D3D7 /* LiveView.swift */,
			);
			path = "Now Playing";
			sourceTree = "<group>";
		};
		72C4D06827AE1E5600E85491 /* Settings */ = {
			isa = PBXGroup;
			children = (
				72C4D07127AEC7BC00E85491 /* About */,
				72C4D06E27AEC53A00E85491 /* General */,
				72C4D06C27AE1E9C00E85491 /* SettingsGridView.swift */,
				72C4D06927AE1E7F00E85491 /* SettingsView.swift */,
			);
			path = Settings;
			sourceTree = "<group>";
		};
		72C4D06E27AEC53A00E85491 /* General */ = {
			isa = PBXGroup;
			children = (
				72C4D06F27AEC54A00E85491 /* GeneralSettingsView.swift */,
			);
			path = General;
			sourceTree = "<group>";
		};
		72C4D07127AEC7BC00E85491 /* About */ = {
			isa = PBXGroup;
			children = (
				72C4D07227AEC7C800E85491 /* AboutSettingsView.swift */,
			);
			path = About;
			sourceTree = "<group>";
		};
		72D5928627A5986200D3CE52 /* Main */ = {
			isa = PBXGroup;
			children = (
				72D5928B27A5A21E00D3CE52 /* AppView.swift */,
				727AD85027A6D75100F224CF /* MarconioCommands.swift */,
			);
			path = Main;
			sourceTree = "<group>";
		};
		72E1792627A2E48C009A20ED = {
			isa = PBXGroup;
			children = (
				72974A5E27AF064B00B33ED8 /* AppCore */,
				72E1792B27A2E48C009A20ED /* Shared */,
				7221DB0627A48A0100183057 /* iOS */,
				72E1793A27A2E48D009A20ED /* macOS */,
				72E1793427A2E48D009A20ED /* Products */,
				72E1794E27A3955C009A20ED /* Frameworks */,
			);
			sourceTree = "<group>";
		};
		72E1792B27A2E48C009A20ED /* Shared */ = {
			isa = PBXGroup;
			children = (
				72A6B3E627A5FECE002AF923 /* Now Playing */,
				72A6B3DF27A5F420002AF923 /* Donation */,
				72D5928627A5986200D3CE52 /* Main */,
				72E1795427A3AC3C009A20ED /* Utility */,
				72E1792C27A2E48C009A20ED /* MarconioApp.swift */,
				72E1792E27A2E48D009A20ED /* Assets.xcassets */,
			);
			path = Shared;
			sourceTree = "<group>";
		};
		72E1793427A2E48D009A20ED /* Products */ = {
			isa = PBXGroup;
			children = (
				72E1793327A2E48D009A20ED /* Marconio.app */,
				72E1793927A2E48D009A20ED /* Marconio.app */,
			);
			name = Products;
			sourceTree = "<group>";
		};
		72E1793A27A2E48D009A20ED /* macOS */ = {
			isa = PBXGroup;
			children = (
				72C4D06827AE1E5600E85491 /* Settings */,
				72EB166027ADBCA100B7952B /* Marconio--macOS--Info.plist */,
				72E1793B27A2E48D009A20ED /* macOS.entitlements */,
				727AD85327A6D85F00F224CF /* MarconioMacAppDelegate.swift */,
			);
			path = macOS;
			sourceTree = "<group>";
		};
		72E1794E27A3955C009A20ED /* Frameworks */ = {
			isa = PBXGroup;
			children = (
			);
			name = Frameworks;
			sourceTree = "<group>";
		};
		72E1795427A3AC3C009A20ED /* Utility */ = {
			isa = PBXGroup;
			children = (
				727CC0F727A76F0B00CABE53 /* MarconioVersionInformation.swift */,
				72A6B3E327A5FCD2002AF923 /* URL+Opener.swift */,
				72B2A3E227ACDEB300B539CE /* Marquee.swift */,
				7259A9B627C2E19600B66981 /* NSView+SplitViewFinder.swift */,
				7247B64427D254E800D4D3D7 /* View+Helpers.swift */,
			);
			path = Utility;
			sourceTree = "<group>";
		};
		72F521C327B381BC001E8239 /* Sharing */ = {
			isa = PBXGroup;
			children = (
				72F521C427B381CD001E8239 /* ShareSheet.swift */,
			);
			path = Sharing;
			sourceTree = "<group>";
		};
/* End PBXGroup section */

/* Begin PBXNativeTarget section */
		72E1793227A2E48D009A20ED /* Marconio (iOS) */ = {
			isa = PBXNativeTarget;
			buildConfigurationList = 72E1794427A2E48D009A20ED /* Build configuration list for PBXNativeTarget "Marconio (iOS)" */;
			buildPhases = (
				72E1792F27A2E48D009A20ED /* Sources */,
				72E1793027A2E48D009A20ED /* Frameworks */,
				72E1793127A2E48D009A20ED /* Resources */,
			);
			buildRules = (
			);
			dependencies = (
			);
			name = "Marconio (iOS)";
			packageProductDependencies = (
				72D5928127A591A100D3CE52 /* ComposableArchitecture */,
				7252EE6427B1682500B8FB83 /* AppCore */,
				725443A927B2A4EF00939567 /* AppDelegate_iOS */,
			);
			productName = "Lace (iOS)";
			productReference = 72E1793327A2E48D009A20ED /* Marconio.app */;
			productType = "com.apple.product-type.application";
		};
		72E1793827A2E48D009A20ED /* Marconio (macOS) */ = {
			isa = PBXNativeTarget;
			buildConfigurationList = 72E1794727A2E48D009A20ED /* Build configuration list for PBXNativeTarget "Marconio (macOS)" */;
			buildPhases = (
				72E1793527A2E48D009A20ED /* Sources */,
				72E1793627A2E48D009A20ED /* Frameworks */,
				72E1793727A2E48D009A20ED /* Resources */,
			);
			buildRules = (
			);
			dependencies = (
			);
			name = "Marconio (macOS)";
			packageProductDependencies = (
				72D5927F27A5918A00D3CE52 /* ComposableArchitecture */,
				7252EE6627B1682F00B8FB83 /* AppCore */,
				725443A727B2A4E900939567 /* AppDelegate_macOS */,
			);
			productName = "Lace (macOS)";
			productReference = 72E1793927A2E48D009A20ED /* Marconio.app */;
			productType = "com.apple.product-type.application";
		};
/* End PBXNativeTarget section */

/* Begin PBXProject section */
		72E1792727A2E48C009A20ED /* Project object */ = {
			isa = PBXProject;
			attributes = {
				BuildIndependentTargetsInParallel = 1;
				LastSwiftUpdateCheck = 1320;
				LastUpgradeCheck = 1320;
				TargetAttributes = {
					72E1793227A2E48D009A20ED = {
						CreatedOnToolsVersion = 13.2.1;
					};
					72E1793827A2E48D009A20ED = {
						CreatedOnToolsVersion = 13.2.1;
					};
				};
			};
			buildConfigurationList = 72E1792A27A2E48C009A20ED /* Build configuration list for PBXProject "Marconio" */;
			compatibilityVersion = "Xcode 13.0";
			developmentRegion = en;
			hasScannedForEncodings = 0;
			knownRegions = (
				en,
				Base,
			);
			mainGroup = 72E1792627A2E48C009A20ED;
			packageReferences = (
				72D5927E27A5918A00D3CE52 /* XCRemoteSwiftPackageReference "swift-composable-architecture" */,
				72EB165D27ADB97100B7952B /* XCRemoteSwiftPackageReference "Sparkle" */,
			);
			productRefGroup = 72E1793427A2E48D009A20ED /* Products */;
			projectDirPath = "";
			projectRoot = "";
			targets = (
				72E1793227A2E48D009A20ED /* Marconio (iOS) */,
				72E1793827A2E48D009A20ED /* Marconio (macOS) */,
			);
		};
/* End PBXProject section */

/* Begin PBXResourcesBuildPhase section */
		72E1793127A2E48D009A20ED /* Resources */ = {
			isa = PBXResourcesBuildPhase;
			buildActionMask = 2147483647;
			files = (
				72E1794027A2E48D009A20ED /* Assets.xcassets in Resources */,
			);
			runOnlyForDeploymentPostprocessing = 0;
		};
		72E1793727A2E48D009A20ED /* Resources */ = {
			isa = PBXResourcesBuildPhase;
			buildActionMask = 2147483647;
			files = (
				72E1794127A2E48D009A20ED /* Assets.xcassets in Resources */,
			);
			runOnlyForDeploymentPostprocessing = 0;
		};
/* End PBXResourcesBuildPhase section */

/* Begin PBXSourcesBuildPhase section */
		72E1792F27A2E48D009A20ED /* Sources */ = {
			isa = PBXSourcesBuildPhase;
			buildActionMask = 2147483647;
			files = (
				72276FC927B965E800AD4062 /* FloatingPlayerView.swift in Sources */,
				7259A9B427C2CD5E00B66981 /* NowPlayingDetailView.swift in Sources */,
				72D5928C27A5A21E00D3CE52 /* AppView.swift in Sources */,
				7247B64527D254E800D4D3D7 /* View+Helpers.swift in Sources */,
				72A6B3E827A5FEDE002AF923 /* NowPlayingView.swift in Sources */,
				72974A6427AF102A00B33ED8 /* MarconioiOSAppDelegate.swift in Sources */,
				72F521C527B381CD001E8239 /* ShareSheet.swift in Sources */,
				7259A9B127BE7B7600B66981 /* FloatingPlayerOverlayView.swift in Sources */,
				72B2A3E327ACDEB300B539CE /* Marquee.swift in Sources */,
				72A6B3E127A5F42A002AF923 /* DonationView.swift in Sources */,
				727AD85127A6D75100F224CF /* MarconioCommands.swift in Sources */,
				727CC0F827A76F0B00CABE53 /* MarconioVersionInformation.swift in Sources */,
				72A6B3E427A5FCD2002AF923 /* URL+Opener.swift in Sources */,
				72E1793C27A2E48D009A20ED /* MarconioApp.swift in Sources */,
				7247B64227D2513800D4D3D7 /* LiveView.swift in Sources */,
			);
			runOnlyForDeploymentPostprocessing = 0;
		};
		72E1793527A2E48D009A20ED /* Sources */ = {
			isa = PBXSourcesBuildPhase;
			buildActionMask = 2147483647;
			files = (
				7259A9B227BE7B7600B66981 /* FloatingPlayerOverlayView.swift in Sources */,
				7247B64627D254E800D4D3D7 /* View+Helpers.swift in Sources */,
				7259A9B727C2E19600B66981 /* NSView+SplitViewFinder.swift in Sources */,
				727AD85727A6D9EC00F224CF /* NowPlayingView.swift in Sources */,
				727AD85627A6D86700F224CF /* MarconioMacAppDelegate.swift in Sources */,
				72C4D07027AEC54A00E85491 /* GeneralSettingsView.swift in Sources */,
				727AD85227A6D75100F224CF /* MarconioCommands.swift in Sources */,
				72C4D06A27AE1E7F00E85491 /* SettingsView.swift in Sources */,
				72D5928D27A5A21E00D3CE52 /* AppView.swift in Sources */,
				72C4D07327AEC7C800E85491 /* AboutSettingsView.swift in Sources */,
				72C4D06D27AE1E9C00E85491 /* SettingsGridView.swift in Sources */,
				7247B64327D2513800D4D3D7 /* LiveView.swift in Sources */,
				72276FCA27B965E800AD4062 /* FloatingPlayerView.swift in Sources */,
				72B2A3E427ACDEB300B539CE /* Marquee.swift in Sources */,
				72A6B3E227A5F42D002AF923 /* DonationView.swift in Sources */,
				7259A9B527C2CD5E00B66981 /* NowPlayingDetailView.swift in Sources */,
				72A6B3E527A5FD90002AF923 /* URL+Opener.swift in Sources */,
				727CC0F927A76F0B00CABE53 /* MarconioVersionInformation.swift in Sources */,
				72E1793D27A2E48D009A20ED /* MarconioApp.swift in Sources */,
			);
			runOnlyForDeploymentPostprocessing = 0;
		};
/* End PBXSourcesBuildPhase section */

/* Begin XCBuildConfiguration section */
		72E1794227A2E48D009A20ED /* Debug */ = {
			isa = XCBuildConfiguration;
			buildSettings = {
				ALWAYS_SEARCH_USER_PATHS = NO;
				CLANG_ANALYZER_NONNULL = YES;
				CLANG_ANALYZER_NUMBER_OBJECT_CONVERSION = YES_AGGRESSIVE;
				CLANG_CXX_LANGUAGE_STANDARD = "gnu++17";
				CLANG_CXX_LIBRARY = "libc++";
				CLANG_ENABLE_MODULES = YES;
				CLANG_ENABLE_OBJC_ARC = YES;
				CLANG_ENABLE_OBJC_WEAK = YES;
				CLANG_WARN_BLOCK_CAPTURE_AUTORELEASING = YES;
				CLANG_WARN_BOOL_CONVERSION = YES;
				CLANG_WARN_COMMA = YES;
				CLANG_WARN_CONSTANT_CONVERSION = YES;
				CLANG_WARN_DEPRECATED_OBJC_IMPLEMENTATIONS = YES;
				CLANG_WARN_DIRECT_OBJC_ISA_USAGE = YES_ERROR;
				CLANG_WARN_DOCUMENTATION_COMMENTS = YES;
				CLANG_WARN_EMPTY_BODY = YES;
				CLANG_WARN_ENUM_CONVERSION = YES;
				CLANG_WARN_INFINITE_RECURSION = YES;
				CLANG_WARN_INT_CONVERSION = YES;
				CLANG_WARN_NON_LITERAL_NULL_CONVERSION = YES;
				CLANG_WARN_OBJC_IMPLICIT_RETAIN_SELF = YES;
				CLANG_WARN_OBJC_LITERAL_CONVERSION = YES;
				CLANG_WARN_OBJC_ROOT_CLASS = YES_ERROR;
				CLANG_WARN_QUOTED_INCLUDE_IN_FRAMEWORK_HEADER = YES;
				CLANG_WARN_RANGE_LOOP_ANALYSIS = YES;
				CLANG_WARN_STRICT_PROTOTYPES = YES;
				CLANG_WARN_SUSPICIOUS_MOVE = YES;
				CLANG_WARN_UNGUARDED_AVAILABILITY = YES_AGGRESSIVE;
				CLANG_WARN_UNREACHABLE_CODE = YES;
				CLANG_WARN__DUPLICATE_METHOD_MATCH = YES;
				COPY_PHASE_STRIP = NO;
				DEBUG_INFORMATION_FORMAT = dwarf;
				ENABLE_STRICT_OBJC_MSGSEND = YES;
				ENABLE_TESTABILITY = YES;
				GCC_C_LANGUAGE_STANDARD = gnu11;
				GCC_DYNAMIC_NO_PIC = NO;
				GCC_NO_COMMON_BLOCKS = YES;
				GCC_OPTIMIZATION_LEVEL = 0;
				GCC_PREPROCESSOR_DEFINITIONS = (
					"DEBUG=1",
					"$(inherited)",
				);
				GCC_WARN_64_TO_32_BIT_CONVERSION = YES;
				GCC_WARN_ABOUT_RETURN_TYPE = YES_ERROR;
				GCC_WARN_UNDECLARED_SELECTOR = YES;
				GCC_WARN_UNINITIALIZED_AUTOS = YES_AGGRESSIVE;
				GCC_WARN_UNUSED_FUNCTION = YES;
				GCC_WARN_UNUSED_VARIABLE = YES;
				MTL_ENABLE_DEBUG_INFO = INCLUDE_SOURCE;
				MTL_FAST_MATH = YES;
				ONLY_ACTIVE_ARCH = YES;
				OTHER_LDFLAGS = "";
				"OTHER_LDFLAGS[sdk=iphonesimulator*]" = (
					"-Xlinker",
					"-interposable",
				);
				"OTHER_LDFLAGS[sdk=macosx*]" = (
					"-Xlinker",
					"-interposable",
				);
				SWIFT_ACTIVE_COMPILATION_CONDITIONS = DEBUG;
				SWIFT_OPTIMIZATION_LEVEL = "-Onone";
			};
			name = Debug;
		};
		72E1794327A2E48D009A20ED /* Release */ = {
			isa = XCBuildConfiguration;
			buildSettings = {
				ALWAYS_SEARCH_USER_PATHS = NO;
				CLANG_ANALYZER_NONNULL = YES;
				CLANG_ANALYZER_NUMBER_OBJECT_CONVERSION = YES_AGGRESSIVE;
				CLANG_CXX_LANGUAGE_STANDARD = "gnu++17";
				CLANG_CXX_LIBRARY = "libc++";
				CLANG_ENABLE_MODULES = YES;
				CLANG_ENABLE_OBJC_ARC = YES;
				CLANG_ENABLE_OBJC_WEAK = YES;
				CLANG_WARN_BLOCK_CAPTURE_AUTORELEASING = YES;
				CLANG_WARN_BOOL_CONVERSION = YES;
				CLANG_WARN_COMMA = YES;
				CLANG_WARN_CONSTANT_CONVERSION = YES;
				CLANG_WARN_DEPRECATED_OBJC_IMPLEMENTATIONS = YES;
				CLANG_WARN_DIRECT_OBJC_ISA_USAGE = YES_ERROR;
				CLANG_WARN_DOCUMENTATION_COMMENTS = YES;
				CLANG_WARN_EMPTY_BODY = YES;
				CLANG_WARN_ENUM_CONVERSION = YES;
				CLANG_WARN_INFINITE_RECURSION = YES;
				CLANG_WARN_INT_CONVERSION = YES;
				CLANG_WARN_NON_LITERAL_NULL_CONVERSION = YES;
				CLANG_WARN_OBJC_IMPLICIT_RETAIN_SELF = YES;
				CLANG_WARN_OBJC_LITERAL_CONVERSION = YES;
				CLANG_WARN_OBJC_ROOT_CLASS = YES_ERROR;
				CLANG_WARN_QUOTED_INCLUDE_IN_FRAMEWORK_HEADER = YES;
				CLANG_WARN_RANGE_LOOP_ANALYSIS = YES;
				CLANG_WARN_STRICT_PROTOTYPES = YES;
				CLANG_WARN_SUSPICIOUS_MOVE = YES;
				CLANG_WARN_UNGUARDED_AVAILABILITY = YES_AGGRESSIVE;
				CLANG_WARN_UNREACHABLE_CODE = YES;
				CLANG_WARN__DUPLICATE_METHOD_MATCH = YES;
				COPY_PHASE_STRIP = NO;
				DEBUG_INFORMATION_FORMAT = "dwarf-with-dsym";
				ENABLE_NS_ASSERTIONS = NO;
				ENABLE_STRICT_OBJC_MSGSEND = YES;
				GCC_C_LANGUAGE_STANDARD = gnu11;
				GCC_NO_COMMON_BLOCKS = YES;
				GCC_WARN_64_TO_32_BIT_CONVERSION = YES;
				GCC_WARN_ABOUT_RETURN_TYPE = YES_ERROR;
				GCC_WARN_UNDECLARED_SELECTOR = YES;
				GCC_WARN_UNINITIALIZED_AUTOS = YES_AGGRESSIVE;
				GCC_WARN_UNUSED_FUNCTION = YES;
				GCC_WARN_UNUSED_VARIABLE = YES;
				MTL_ENABLE_DEBUG_INFO = NO;
				MTL_FAST_MATH = YES;
				SWIFT_COMPILATION_MODE = wholemodule;
				SWIFT_OPTIMIZATION_LEVEL = "-O";
			};
			name = Release;
		};
		72E1794527A2E48D009A20ED /* Debug */ = {
			isa = XCBuildConfiguration;
			buildSettings = {
				ASSETCATALOG_COMPILER_APPICON_NAME = AppIcon;
				ASSETCATALOG_COMPILER_GLOBAL_ACCENT_COLOR_NAME = AccentColor;
				CODE_SIGN_ENTITLEMENTS = iOS/iOS.entitlements;
				CODE_SIGN_STYLE = Automatic;
				CURRENT_PROJECT_VERSION = 2022.03.11133004;
				DEVELOPMENT_TEAM = YN24FFRTC8;
				ENABLE_PREVIEWS = YES;
				GENERATE_INFOPLIST_FILE = YES;
				INFOPLIST_FILE = "iOS/Marconio--iOS--Info.plist";
				INFOPLIST_KEY_UIApplicationSceneManifest_Generation = YES;
				INFOPLIST_KEY_UIApplicationSupportsIndirectInputEvents = YES;
				INFOPLIST_KEY_UILaunchScreen_Generation = YES;
				INFOPLIST_KEY_UISupportedInterfaceOrientations = UIInterfaceOrientationPortrait;
				INFOPLIST_KEY_UISupportedInterfaceOrientations_iPad = "UIInterfaceOrientationPortrait UIInterfaceOrientationPortraitUpsideDown UIInterfaceOrientationLandscapeLeft UIInterfaceOrientationLandscapeRight";
				INFOPLIST_KEY_UISupportedInterfaceOrientations_iPhone = UIInterfaceOrientationPortrait;
				IPHONEOS_DEPLOYMENT_TARGET = 15.2;
				LD_RUNPATH_SEARCH_PATHS = (
					"$(inherited)",
					"@executable_path/Frameworks",
				);
				MARKETING_VERSION = 1.0;
				PRODUCT_BUNDLE_IDENTIFIER = me.foureyes.Lace;
				PRODUCT_NAME = Marconio;
				SDKROOT = iphoneos;
				SWIFT_EMIT_LOC_STRINGS = YES;
				SWIFT_VERSION = 5.0;
				TARGETED_DEVICE_FAMILY = 1;
			};
			name = Debug;
		};
		72E1794627A2E48D009A20ED /* Release */ = {
			isa = XCBuildConfiguration;
			buildSettings = {
				ASSETCATALOG_COMPILER_APPICON_NAME = AppIcon;
				ASSETCATALOG_COMPILER_GLOBAL_ACCENT_COLOR_NAME = AccentColor;
				CODE_SIGN_ENTITLEMENTS = iOS/iOS.entitlements;
				CODE_SIGN_STYLE = Automatic;
				CURRENT_PROJECT_VERSION = 2022.03.11133004;
				DEVELOPMENT_TEAM = YN24FFRTC8;
				ENABLE_PREVIEWS = YES;
				GENERATE_INFOPLIST_FILE = YES;
				INFOPLIST_FILE = "iOS/Marconio--iOS--Info.plist";
				INFOPLIST_KEY_UIApplicationSceneManifest_Generation = YES;
				INFOPLIST_KEY_UIApplicationSupportsIndirectInputEvents = YES;
				INFOPLIST_KEY_UILaunchScreen_Generation = YES;
				INFOPLIST_KEY_UISupportedInterfaceOrientations = UIInterfaceOrientationPortrait;
				INFOPLIST_KEY_UISupportedInterfaceOrientations_iPad = "UIInterfaceOrientationPortrait UIInterfaceOrientationPortraitUpsideDown UIInterfaceOrientationLandscapeLeft UIInterfaceOrientationLandscapeRight";
				INFOPLIST_KEY_UISupportedInterfaceOrientations_iPhone = UIInterfaceOrientationPortrait;
				IPHONEOS_DEPLOYMENT_TARGET = 15.2;
				LD_RUNPATH_SEARCH_PATHS = (
					"$(inherited)",
					"@executable_path/Frameworks",
				);
				MARKETING_VERSION = 1.0;
				PRODUCT_BUNDLE_IDENTIFIER = me.foureyes.Lace;
				PRODUCT_NAME = Marconio;
				SDKROOT = iphoneos;
				SWIFT_EMIT_LOC_STRINGS = YES;
				SWIFT_VERSION = 5.0;
				TARGETED_DEVICE_FAMILY = 1;
				VALIDATE_PRODUCT = YES;
			};
			name = Release;
		};
		72E1794827A2E48D009A20ED /* Debug */ = {
			isa = XCBuildConfiguration;
			buildSettings = {
				ASSETCATALOG_COMPILER_APPICON_NAME = AppIcon;
				ASSETCATALOG_COMPILER_GLOBAL_ACCENT_COLOR_NAME = AccentColor;
				CODE_SIGN_ENTITLEMENTS = macOS/macOS.entitlements;
				CODE_SIGN_IDENTITY = "Apple Development";
				CODE_SIGN_STYLE = Automatic;
				COMBINE_HIDPI_IMAGES = YES;
				CURRENT_PROJECT_VERSION = 2022.03.11133004;
				DEVELOPMENT_TEAM = YN24FFRTC8;
				ENABLE_HARDENED_RUNTIME = YES;
				ENABLE_PREVIEWS = YES;
				GENERATE_INFOPLIST_FILE = YES;
				INFOPLIST_FILE = "macOS/Marconio--macOS--Info.plist";
				INFOPLIST_KEY_LSApplicationCategoryType = "public.app-category.music";
				INFOPLIST_KEY_NSHumanReadableCopyright = "";
				LD_RUNPATH_SEARCH_PATHS = (
					"$(inherited)",
					"@executable_path/../Frameworks",
				);
				MACOSX_DEPLOYMENT_TARGET = 12.1;
				MARKETING_VERSION = 1.0;
				PRODUCT_BUNDLE_IDENTIFIER = me.foureyes.Lace;
				PRODUCT_NAME = Marconio;
				PROVISIONING_PROFILE_SPECIFIER = "";
				SDKROOT = macosx;
				SWIFT_EMIT_LOC_STRINGS = YES;
				SWIFT_VERSION = 5.0;
			};
			name = Debug;
		};
		72E1794927A2E48D009A20ED /* Release */ = {
			isa = XCBuildConfiguration;
			buildSettings = {
				ASSETCATALOG_COMPILER_APPICON_NAME = AppIcon;
				ASSETCATALOG_COMPILER_GLOBAL_ACCENT_COLOR_NAME = AccentColor;
				CODE_SIGN_ENTITLEMENTS = macOS/macOS.entitlements;
				CODE_SIGN_IDENTITY = "Apple Development";
				CODE_SIGN_STYLE = Automatic;
				COMBINE_HIDPI_IMAGES = YES;
				CURRENT_PROJECT_VERSION = 2022.03.11133004;
				DEVELOPMENT_TEAM = YN24FFRTC8;
				ENABLE_HARDENED_RUNTIME = YES;
				ENABLE_PREVIEWS = YES;
				GENERATE_INFOPLIST_FILE = YES;
				INFOPLIST_FILE = "macOS/Marconio--macOS--Info.plist";
				INFOPLIST_KEY_LSApplicationCategoryType = "public.app-category.music";
				INFOPLIST_KEY_NSHumanReadableCopyright = "";
				LD_RUNPATH_SEARCH_PATHS = (
					"$(inherited)",
					"@executable_path/../Frameworks",
				);
				MACOSX_DEPLOYMENT_TARGET = 12.1;
				MARKETING_VERSION = 1.0;
				PRODUCT_BUNDLE_IDENTIFIER = me.foureyes.Lace;
				PRODUCT_NAME = Marconio;
				PROVISIONING_PROFILE_SPECIFIER = "";
				SDKROOT = macosx;
				SWIFT_EMIT_LOC_STRINGS = YES;
				SWIFT_VERSION = 5.0;
			};
			name = Release;
		};
/* End XCBuildConfiguration section */

/* Begin XCConfigurationList section */
		72E1792A27A2E48C009A20ED /* Build configuration list for PBXProject "Marconio" */ = {
			isa = XCConfigurationList;
			buildConfigurations = (
				72E1794227A2E48D009A20ED /* Debug */,
				72E1794327A2E48D009A20ED /* Release */,
			);
			defaultConfigurationIsVisible = 0;
			defaultConfigurationName = Release;
		};
		72E1794427A2E48D009A20ED /* Build configuration list for PBXNativeTarget "Marconio (iOS)" */ = {
			isa = XCConfigurationList;
			buildConfigurations = (
				72E1794527A2E48D009A20ED /* Debug */,
				72E1794627A2E48D009A20ED /* Release */,
			);
			defaultConfigurationIsVisible = 0;
			defaultConfigurationName = Release;
		};
		72E1794727A2E48D009A20ED /* Build configuration list for PBXNativeTarget "Marconio (macOS)" */ = {
			isa = XCConfigurationList;
			buildConfigurations = (
				72E1794827A2E48D009A20ED /* Debug */,
				72E1794927A2E48D009A20ED /* Release */,
			);
			defaultConfigurationIsVisible = 0;
			defaultConfigurationName = Release;
		};
/* End XCConfigurationList section */

/* Begin XCRemoteSwiftPackageReference section */
		72D5927E27A5918A00D3CE52 /* XCRemoteSwiftPackageReference "swift-composable-architecture" */ = {
			isa = XCRemoteSwiftPackageReference;
			repositoryURL = "https://github.com/pointfreeco/swift-composable-architecture";
			requirement = {
				kind = upToNextMajorVersion;
				minimumVersion = 0.33.1;
			};
		};
		72EB165D27ADB97100B7952B /* XCRemoteSwiftPackageReference "Sparkle" */ = {
			isa = XCRemoteSwiftPackageReference;
			repositoryURL = "https://github.com/sparkle-project/Sparkle";
			requirement = {
				kind = upToNextMajorVersion;
				minimumVersion = 2.0.0;
			};
		};
/* End XCRemoteSwiftPackageReference section */

/* Begin XCSwiftPackageProductDependency section */
		7252EE6427B1682500B8FB83 /* AppCore */ = {
			isa = XCSwiftPackageProductDependency;
			productName = AppCore;
		};
		7252EE6627B1682F00B8FB83 /* AppCore */ = {
			isa = XCSwiftPackageProductDependency;
			productName = AppCore;
		};
		725443A727B2A4E900939567 /* AppDelegate_macOS */ = {
			isa = XCSwiftPackageProductDependency;
			productName = AppDelegate_macOS;
		};
		725443A927B2A4EF00939567 /* AppDelegate_iOS */ = {
			isa = XCSwiftPackageProductDependency;
			productName = AppDelegate_iOS;
		};
		72D5927F27A5918A00D3CE52 /* ComposableArchitecture */ = {
			isa = XCSwiftPackageProductDependency;
			package = 72D5927E27A5918A00D3CE52 /* XCRemoteSwiftPackageReference "swift-composable-architecture" */;
			productName = ComposableArchitecture;
		};
		72D5928127A591A100D3CE52 /* ComposableArchitecture */ = {
			isa = XCSwiftPackageProductDependency;
			package = 72D5927E27A5918A00D3CE52 /* XCRemoteSwiftPackageReference "swift-composable-architecture" */;
			productName = ComposableArchitecture;
		};
/* End XCSwiftPackageProductDependency section */
	};
	rootObject = 72E1792727A2E48C009A20ED /* Project object */;
}
